
Microsoft Visual Studio Solution File, Format Version 12.00
# Visual Studio Version 17
VisualStudioVersion = 17.3.32922.545
MinimumVisualStudioVersion = 10.0.40219.1
Project("{FAE04EC0-301F-11D3-BF4B-00C04F79EFBC}") = "Зав2", "Зав2.csproj", "{C67EC4C3-4756-4E9A-A576-23E71D6D7855}"
EndProject
Global
	GlobalSection(SolutionConfigurationPlatforms) = preSolution
		Debug|Any CPU = Debug|Any CPU
		Release|Any CPU = Release|Any CPU
	EndGlobalSection
	GlobalSection(ProjectConfigurationPlatforms) = postSolution
		{C67EC4C3-4756-4E9A-A576-23E71D6D7855}.Debug|Any CPU.ActiveCfg = Debug|Any CPU
		{C67EC4C3-4756-4E9A-A576-23E71D6D7855}.Debug|Any CPU.Build.0 = Debug|Any CPU
		{C67EC4C3-4756-4E9A-A576-23E71D6D7855}.Release|Any CPU.ActiveCfg = Release|Any CPU
		{C67EC4C3-4756-4E9A-A576-23E71D6D7855}.Release|Any CPU.Build.0 = Release|Any CPU
	EndGlobalSection
	GlobalSection(SolutionProperties) = preSolution
		HideSolutionNode = FALSE
	EndGlobalSection
	GlobalSection(ExtensibilityGlobals) = postSolution
		SolutionGuid = {E2BAE628-3717-4D0F-BD55-527DEB81A668}
	EndGlobalSection
EndGlobal
